{
  "name": "@interactiveimpressions/opencascade.js-cad-viewer",
  "version": "2.0.0-beta.956ba75",
  "lockfileVersion": 2,
  "requires": true,
  "packages": {
    "": {
      "name": "@interactiveimpressions/opencascade.js-cad-viewer",
      "version": "2.0.0-beta.956ba75",
      "license": "LGPL-2.1-only",
      "peerDependencies": {
        "ws": "^8.2.1"
      }
    },
    "node_modules/ws": {
      "version": "8.2.2",
      "resolved": "https://registry.npmjs.org/ws/-/ws-8.2.2.tgz",
      "integrity": "sha512-Q6B6H2oc8QY3llc3cB8kVmQ6pnJWVQbP7Q5algTcIxx7YEpc0oU4NBVHlztA7Ekzfhw2r0rPducMUiCGWKQRzw==",
      "peer": true,
      "engines": {
        "node": ">=10.0.0"
      },
      "peerDependencies": {
        "bufferutil": "^4.0.1",
        "utf-8-validate": "^5.0.2"
      },
      "peerDependenciesMeta": {
        "bufferutil": {
          "optional": true
        },
        "utf-8-validate": {
          "optional": true
        }
      }
    }
  },
  "dependencies": {
    "ws": {
      "version": "8.2.2",
      "resolved": "https://registry.npmjs.org/ws/-/ws-8.2.2.tgz",
      "integrity": "sha512-Q6B6H2oc8QY3llc3cB8kVmQ6pnJWVQbP7Q5algTcIxx7YEpc0oU4NBVHlztA7Ekzfhw2r0rPducMUiCGWKQRzw==",
      "peer": true,
      "requires": {}
    }
  }
}
