{
  "name": "opencascade.js",
  "version": "2.0.0-beta.cf920ba",
  "lockfileVersion": 2,
  "requires": true,
  "packages": {
    "": {
      "version": "2.0.0-beta.cf920ba",
      "license": "LGPL-2.1-only",
      "peerDependencies": {
        "ws": "^8.2.1"
      }
    },
    "node_modules/ws": {
      "version": "8.2.1",
      "resolved": "https://registry.npmjs.org/ws/-/ws-8.2.1.tgz",
      "integrity": "sha512-XkgWpJU3sHU7gX8f13NqTn6KQ85bd1WU7noBHTT8fSohx7OS1TPY8k+cyRPCzFkia7C4mM229yeHr1qK9sM4JQ==",
      "license": "MIT",
      "peer": true,
      "engines": {
        "node": ">=10.0.0"
      },
      "peerDependencies": {
        "bufferutil": "^4.0.1",
        "utf-8-validate": "^5.0.2"
      },
      "peerDependenciesMeta": {
        "bufferutil": {
          "optional": true
        },
        "utf-8-validate": {
          "optional": true
        }
      }
    }
  },
  "dependencies": {
    "ws": {
      "version": "8.2.1",
      "resolved": "https://registry.npmjs.org/ws/-/ws-8.2.1.tgz",
      "integrity": "sha512-XkgWpJU3sHU7gX8f13NqTn6KQ85bd1WU7noBHTT8fSohx7OS1TPY8k+cyRPCzFkia7C4mM229yeHr1qK9sM4JQ==",
      "peer": true,
      "requires": {}
    }
  }
}
