{
  "name": "ocjs-node",
  "version": "1.0.0",
  "lockfileVersion": 2,
  "requires": true,
  "packages": {
    "": {
      "name": "ocjs-node",
      "version": "1.0.0",
      "license": "ISC",
      "dependencies": {
        "opencascade.js": "^2.0.0-beta.4368ca8"
      }
    },
    "node_modules/opencascade.js": {
      "version": "2.0.0-beta.4368ca8",
      "resolved": "https://registry.npmjs.org/opencascade.js/-/opencascade.js-2.0.0-beta.4368ca8.tgz",
      "integrity": "sha512-KP42tVwK4q6t+7k1sRpdVJ0kbJ71rEjO2K37irWQGXiCJWAo60vD+ArNuskJG5WiCrVOpcqCSZUYdFLFjcwBsw==",
      "peerDependencies": {
        "ws": "^8.5.0"
      }
    },
    "node_modules/ws": {
      "version": "8.5.0",
      "resolved": "https://registry.npmjs.org/ws/-/ws-8.5.0.tgz",
      "integrity": "sha512-BWX0SWVgLPzYwF8lTzEy1egjhS4S4OEAHfsO8o65WOVsrnSRGaSiUaa9e0ggGlkMTtBlmOpEXiie9RUcBO86qg==",
      "peer": true,
      "engines": {
        "node": ">=10.0.0"
      },
      "peerDependencies": {
        "bufferutil": "^4.0.1",
        "utf-8-validate": "^5.0.2"
      },
      "peerDependenciesMeta": {
        "bufferutil": {
          "optional": true
        },
        "utf-8-validate": {
          "optional": true
        }
      }
    }
  },
  "dependencies": {
    "opencascade.js": {
      "version": "2.0.0-beta.4368ca8",
      "resolved": "https://registry.npmjs.org/opencascade.js/-/opencascade.js-2.0.0-beta.4368ca8.tgz",
      "integrity": "sha512-KP42tVwK4q6t+7k1sRpdVJ0kbJ71rEjO2K37irWQGXiCJWAo60vD+ArNuskJG5WiCrVOpcqCSZUYdFLFjcwBsw==",
      "requires": {}
    },
    "ws": {
      "version": "8.5.0",
      "resolved": "https://registry.npmjs.org/ws/-/ws-8.5.0.tgz",
      "integrity": "sha512-BWX0SWVgLPzYwF8lTzEy1egjhS4S4OEAHfsO8o65WOVsrnSRGaSiUaa9e0ggGlkMTtBlmOpEXiie9RUcBO86qg==",
      "peer": true,
      "requires": {}
    }
  }
}
